// !$*UTF8*$!
{
	archiveVersion = 1;
	classes = {
	};
	objectVersion = 46;
	objects = {

/* Begin PBXBuildFile section */
		059A1E251AA3A98600063FBF /* main.cpp in Sources */ = {isa = PBXBuildFile; fileRef = 059A1E241AA3A98600063FBF /* main.cpp */; };
		05D28C111AA413C200F2D5F3 /* ParticleSwarmAlgorithm.cpp in Sources */ = {isa = PBXBuildFile; fileRef = 05D28C0F1AA413C200F2D5F3 /* ParticleSwarmAlgorithm.cpp */; };
		05D28C141AA4140B00F2D5F3 /* Swarm.cpp in Sources */ = {isa = PBXBuildFile; fileRef = 05D28C121AA4140B00F2D5F3 /* Swarm.cpp */; };
		05D28C171AA4143900F2D5F3 /* Particle.cpp in Sources */ = {isa = PBXBuildFile; fileRef = 05D28C151AA4143900F2D5F3 /* Particle.cpp */; };
/* End PBXBuildFile section */

/* Begin PBXCopyFilesBuildPhase section */
		059A1E1F1AA3A98600063FBF /* CopyFiles */ = {
			isa = PBXCopyFilesBuildPhase;
			buildActionMask = 2147483647;
			dstPath = /usr/share/man/man1/;
			dstSubfolderSpec = 0;
			files = (
			);
			runOnlyForDeploymentPostprocessing = 1;
		};
/* End PBXCopyFilesBuildPhase section */

/* Begin PBXFileReference section */
		059A1E211AA3A98600063FBF /* ParticleSwarm */ = {isa = PBXFileReference; explicitFileType = "compiled.mach-o.executable"; includeInIndex = 0; path = ParticleSwarm; sourceTree = BUILT_PRODUCTS_DIR; };
		059A1E241AA3A98600063FBF /* main.cpp */ = {isa = PBXFileReference; lastKnownFileType = sourcecode.cpp.cpp; path = main.cpp; sourceTree = "<group>"; };
		05D28C0F1AA413C200F2D5F3 /* ParticleSwarmAlgorithm.cpp */ = {isa = PBXFileReference; fileEncoding = 4; lastKnownFileType = sourcecode.cpp.cpp; path = ParticleSwarmAlgorithm.cpp; sourceTree = "<group>"; };
		05D28C101AA413C200F2D5F3 /* ParticleSwarmAlgorithm.h */ = {isa = PBXFileReference; fileEncoding = 4; lastKnownFileType = sourcecode.c.h; path = ParticleSwarmAlgorithm.h; sourceTree = "<group>"; };
		05D28C121AA4140B00F2D5F3 /* Swarm.cpp */ = {isa = PBXFileReference; fileEncoding = 4; lastKnownFileType = sourcecode.cpp.cpp; path = Swarm.cpp; sourceTree = "<group>"; };
		05D28C131AA4140B00F2D5F3 /* Swarm.h */ = {isa = PBXFileReference; fileEncoding = 4; lastKnownFileType = sourcecode.c.h; path = Swarm.h; sourceTree = "<group>"; };
		05D28C151AA4143900F2D5F3 /* Particle.cpp */ = {isa = PBXFileReference; fileEncoding = 4; lastKnownFileType = sourcecode.cpp.cpp; path = Particle.cpp; sourceTree = "<group>"; };
		05D28C161AA4143900F2D5F3 /* Particle.h */ = {isa = PBXFileReference; fileEncoding = 4; lastKnownFileType = sourcecode.c.h; path = Particle.h; sourceTree = "<group>"; };
/* End PBXFileReference section */

/* Begin PBXFrameworksBuildPhase section */
		059A1E1E1AA3A98600063FBF /* Frameworks */ = {
			isa = PBXFrameworksBuildPhase;
			buildActionMask = 2147483647;
			files = (
			);
			runOnlyForDeploymentPostprocessing = 0;
		};
/* End PBXFrameworksBuildPhase section */

/* Begin PBXGroup section */
		059A1E181AA3A98600063FBF = {
			isa = PBXGroup;
			children = (
				059A1E231AA3A98600063FBF /* ParticleSwarm */,
				059A1E221AA3A98600063FBF /* Products */,
			);
			sourceTree = "<group>";
		};
		059A1E221AA3A98600063FBF /* Products */ = {
			isa = PBXGroup;
			children = (
				059A1E211AA3A98600063FBF /* ParticleSwarm */,
			);
			name = Products;
			sourceTree = "<group>";
		};
		059A1E231AA3A98600063FBF /* ParticleSwarm */ = {
			isa = PBXGroup;
			children = (
				059A1E241AA3A98600063FBF /* main.cpp */,
				05D28C0F1AA413C200F2D5F3 /* ParticleSwarmAlgorithm.cpp */,
				05D28C101AA413C200F2D5F3 /* ParticleSwarmAlgorithm.h */,
				05D28C121AA4140B00F2D5F3 /* Swarm.cpp */,
				05D28C131AA4140B00F2D5F3 /* Swarm.h */,
				05D28C151AA4143900F2D5F3 /* Particle.cpp */,
				05D28C161AA4143900F2D5F3 /* Particle.h */,
			);
			path = ParticleSwarm;
			sourceTree = "<group>";
		};
/* End PBXGroup section */

/* Begin PBXNativeTarget section */
		059A1E201AA3A98600063FBF /* ParticleSwarm */ = {
			isa = PBXNativeTarget;
			buildConfigurationList = 059A1E281AA3A98600063FBF /* Build configuration list for PBXNativeTarget "ParticleSwarm" */;
			buildPhases = (
				059A1E1D1AA3A98600063FBF /* Sources */,
				059A1E1E1AA3A98600063FBF /* Frameworks */,
				059A1E1F1AA3A98600063FBF /* CopyFiles */,
			);
			buildRules = (
			);
			dependencies = (
			);
			name = ParticleSwarm;
			productName = ParticleSwarm;
			productReference = 059A1E211AA3A98600063FBF /* ParticleSwarm */;
			productType = "com.apple.product-type.tool";
		};
/* End PBXNativeTarget section */

/* Begin PBXProject section */
		059A1E191AA3A98600063FBF /* Project object */ = {
			isa = PBXProject;
			attributes = {
				LastUpgradeCheck = 0610;
				ORGANIZATIONNAME = "Sawyer Bowman";
				TargetAttributes = {
					059A1E201AA3A98600063FBF = {
						CreatedOnToolsVersion = 6.1.1;
					};
				};
			};
			buildConfigurationList = 059A1E1C1AA3A98600063FBF /* Build configuration list for PBXProject "ParticleSwarm" */;
			compatibilityVersion = "Xcode 3.2";
			developmentRegion = English;
			hasScannedForEncodings = 0;
			knownRegions = (
				en,
			);
			mainGroup = 059A1E181AA3A98600063FBF;
			productRefGroup = 059A1E221AA3A98600063FBF /* Products */;
			projectDirPath = "";
			projectRoot = "";
			targets = (
				059A1E201AA3A98600063FBF /* ParticleSwarm */,
			);
		};
/* End PBXProject section */

/* Begin PBXSourcesBuildPhase section */
		059A1E1D1AA3A98600063FBF /* Sources */ = {
			isa = PBXSourcesBuildPhase;
			buildActionMask = 2147483647;
			files = (
				05D28C111AA413C200F2D5F3 /* ParticleSwarmAlgorithm.cpp in Sources */,
				05D28C171AA4143900F2D5F3 /* Particle.cpp in Sources */,
				059A1E251AA3A98600063FBF /* main.cpp in Sources */,
				05D28C141AA4140B00F2D5F3 /* Swarm.cpp in Sources */,
			);
			runOnlyForDeploymentPostprocessing = 0;
		};
/* End PBXSourcesBuildPhase section */

/* Begin XCBuildConfiguration section */
		059A1E261AA3A98600063FBF /* Debug */ = {
			isa = XCBuildConfiguration;
			buildSettings = {
				ALWAYS_SEARCH_USER_PATHS = NO;
				CLANG_CXX_LANGUAGE_STANDARD = "gnu++0x";
				CLANG_CXX_LIBRARY = "libc++";
				CLANG_ENABLE_MODULES = YES;
				CLANG_ENABLE_OBJC_ARC = YES;
				CLANG_WARN_BOOL_CONVERSION = YES;
				CLANG_WARN_CONSTANT_CONVERSION = YES;
				CLANG_WARN_DIRECT_OBJC_ISA_USAGE = YES_ERROR;
				CLANG_WARN_EMPTY_BODY = YES;
				CLANG_WARN_ENUM_CONVERSION = YES;
				CLANG_WARN_INT_CONVERSION = YES;
				CLANG_WARN_OBJC_ROOT_CLASS = YES_ERROR;
				CLANG_WARN_UNREACHABLE_CODE = YES;
				CLANG_WARN__DUPLICATE_METHOD_MATCH = YES;
				COPY_PHASE_STRIP = NO;
				ENABLE_STRICT_OBJC_MSGSEND = YES;
				GCC_C_LANGUAGE_STANDARD = gnu99;
				GCC_DYNAMIC_NO_PIC = NO;
				GCC_OPTIMIZATION_LEVEL = 0;
				GCC_PREPROCESSOR_DEFINITIONS = (
					"DEBUG=1",
					"$(inherited)",
				);
				GCC_SYMBOLS_PRIVATE_EXTERN = NO;
				GCC_WARN_64_TO_32_BIT_CONVERSION = YES;
				GCC_WARN_ABOUT_RETURN_TYPE = YES_ERROR;
				GCC_WARN_UNDECLARED_SELECTOR = YES;
				GCC_WARN_UNINITIALIZED_AUTOS = YES_AGGRESSIVE;
				GCC_WARN_UNUSED_FUNCTION = YES;
				GCC_WARN_UNUSED_VARIABLE = YES;
				MACOSX_DEPLOYMENT_TARGET = 10.10;
				MTL_ENABLE_DEBUG_INFO = YES;
				ONLY_ACTIVE_ARCH = YES;
				SDKROOT = macosx;
			};
			name = Debug;
		};
		059A1E271AA3A98600063FBF /* Release */ = {
			isa = XCBuildConfiguration;
			buildSettings = {
				ALWAYS_SEARCH_USER_PATHS = NO;
				CLANG_CXX_LANGUAGE_STANDARD = "gnu++0x";
				CLANG_CXX_LIBRARY = "libc++";
				CLANG_ENABLE_MODULES = YES;
				CLANG_ENABLE_OBJC_ARC = YES;
				CLANG_WARN_BOOL_CONVERSION = YES;
				CLANG_WARN_CONSTANT_CONVERSION = YES;
				CLANG_WARN_DIRECT_OBJC_ISA_USAGE = YES_ERROR;
				CLANG_WARN_EMPTY_BODY = YES;
				CLANG_WARN_ENUM_CONVERSION = YES;
				CLANG_WARN_INT_CONVERSION = YES;
				CLANG_WARN_OBJC_ROOT_CLASS = YES_ERROR;
				CLANG_WARN_UNREACHABLE_CODE = YES;
				CLANG_WARN__DUPLICATE_METHOD_MATCH = YES;
				COPY_PHASE_STRIP = YES;
				DEBUG_INFORMATION_FORMAT = "dwarf-with-dsym";
				ENABLE_NS_ASSERTIONS = NO;
				ENABLE_STRICT_OBJC_MSGSEND = YES;
				GCC_C_LANGUAGE_STANDARD = gnu99;
				GCC_WARN_64_TO_32_BIT_CONVERSION = YES;
				GCC_WARN_ABOUT_RETURN_TYPE = YES_ERROR;
				GCC_WARN_UNDECLARED_SELECTOR = YES;
				GCC_WARN_UNINITIALIZED_AUTOS = YES_AGGRESSIVE;
				GCC_WARN_UNUSED_FUNCTION = YES;
				GCC_WARN_UNUSED_VARIABLE = YES;
				MACOSX_DEPLOYMENT_TARGET = 10.10;
				MTL_ENABLE_DEBUG_INFO = NO;
				SDKROOT = macosx;
			};
			name = Release;
		};
		059A1E291AA3A98600063FBF /* Debug */ = {
			isa = XCBuildConfiguration;
			buildSettings = {
				PRODUCT_NAME = "$(TARGET_NAME)";
			};
			name = Debug;
		};
		059A1E2A1AA3A98600063FBF /* Release */ = {
			isa = XCBuildConfiguration;
			buildSettings = {
				PRODUCT_NAME = "$(TARGET_NAME)";
			};
			name = Release;
		};
/* End XCBuildConfiguration section */

/* Begin XCConfigurationList section */
		059A1E1C1AA3A98600063FBF /* Build configuration list for PBXProject "ParticleSwarm" */ = {
			isa = XCConfigurationList;
			buildConfigurations = (
				059A1E261AA3A98600063FBF /* Debug */,
				059A1E271AA3A98600063FBF /* Release */,
			);
			defaultConfigurationIsVisible = 0;
			defaultConfigurationName = Release;
		};
		059A1E281AA3A98600063FBF /* Build configuration list for PBXNativeTarget "ParticleSwarm" */ = {
			isa = XCConfigurationList;
			buildConfigurations = (
				059A1E291AA3A98600063FBF /* Debug */,
				059A1E2A1AA3A98600063FBF /* Release */,
			);
			defaultConfigurationIsVisible = 0;
			defaultConfigurationName = Release;
		};
/* End XCConfigurationList section */
	};
	rootObject = 059A1E191AA3A98600063FBF /* Project object */;
}
